
Microsoft Visual Studio Solution File, Format Version 11.00
# Visual Basic Express 2010
Project("{F184B08F-C81C-45F6-A57F-5ABD9991F28F}") = "Scoreboard", "Scoreboard.vbproj", "{55C140ED-6CB5-4127-A5D7-542B27B2EF3F}"
EndProject
Global
	GlobalSection(SolutionConfigurationPlatforms) = preSolution
		Debug|x64 = Debug|x64
		Debug|x86 = Debug|x86
		Release|x64 = Release|x64
		Release|x86 = Release|x86
	EndGlobalSection
	GlobalSection(ProjectConfigurationPlatforms) = postSolution
		{55C140ED-6CB5-4127-A5D7-542B27B2EF3F}.Debug|x64.ActiveCfg = Debug|x86
		{55C140ED-6CB5-4127-A5D7-542B27B2EF3F}.Debug|x64.Build.0 = Debug|x86
		{55C140ED-6CB5-4127-A5D7-542B27B2EF3F}.Debug|x86.ActiveCfg = Debug|x86
		{55C140ED-6CB5-4127-A5D7-542B27B2EF3F}.Debug|x86.Build.0 = Debug|x86
		{55C140ED-6CB5-4127-A5D7-542B27B2EF3F}.Release|x64.ActiveCfg = Release|x64
		{55C140ED-6CB5-4127-A5D7-542B27B2EF3F}.Release|x64.Build.0 = Release|x64
		{55C140ED-6CB5-4127-A5D7-542B27B2EF3F}.Release|x86.ActiveCfg = Release|x86
		{55C140ED-6CB5-4127-A5D7-542B27B2EF3F}.Release|x86.Build.0 = Release|x86
	EndGlobalSection
	GlobalSection(SolutionProperties) = preSolution
		HideSolutionNode = FALSE
	EndGlobalSection
EndGlobal
